PODS:
  - FBSnapshotTestCase (2.1.4):
    - FBSnapshotTestCase/SwiftSupport (= 2.1.4)
  - FBSnapshotTestCase/Core (2.1.4)
  - FBSnapshotTestCase/SwiftSupport (2.1.4):
    - FBSnapshotTestCase/Core
  - Google-Mobile-Ads-SDK (7.18.0)
  - Masonry (1.0.2)

DEPENDENCIES:
  - FBSnapshotTestCase
  - Google-Mobile-Ads-SDK (~> 7.18.0)
  - Masonry (~> 1.0.2)

SPEC CHECKSUMS:
  FBSnapshotTestCase: 094f9f314decbabe373b87cc339bea235a63e07a
  Google-Mobile-Ads-SDK: 658065b4cb5a299bea254c4d24bf7786b6d3e75d
  Masonry: 7c429b56da9d4ee0bbb3ed77a5ea710d6a5df39e

PODFILE CHECKSUM: 3bb61d1e1084cf17833ce2b895b7d0128d9def67

COCOAPODS: 1.1.1
